
Microsoft Visual Studio Solution File, Format Version 12.00
# Visual Studio Version 17
VisualStudioVersion = 17.2.32526.322
MinimumVisualStudioVersion = 10.0.40219.1
Project("{FAE04EC0-301F-11D3-BF4B-00C04F79EFBC}") = "Ques1", "Ques1.csproj", "{0AF73F27-5BB1-4222-9AF8-2AA2CFB94DCA}"
EndProject
Global
	GlobalSection(SolutionConfigurationPlatforms) = preSolution
		Debug|Any CPU = Debug|Any CPU
		Release|Any CPU = Release|Any CPU
	EndGlobalSection
	GlobalSection(ProjectConfigurationPlatforms) = postSolution
		{0AF73F27-5BB1-4222-9AF8-2AA2CFB94DCA}.Debug|Any CPU.ActiveCfg = Debug|Any CPU
		{0AF73F27-5BB1-4222-9AF8-2AA2CFB94DCA}.Debug|Any CPU.Build.0 = Debug|Any CPU
		{0AF73F27-5BB1-4222-9AF8-2AA2CFB94DCA}.Release|Any CPU.ActiveCfg = Release|Any CPU
		{0AF73F27-5BB1-4222-9AF8-2AA2CFB94DCA}.Release|Any CPU.Build.0 = Release|Any CPU
	EndGlobalSection
	GlobalSection(SolutionProperties) = preSolution
		HideSolutionNode = FALSE
	EndGlobalSection
	GlobalSection(ExtensibilityGlobals) = postSolution
		SolutionGuid = {BCF3EE5D-FED1-4C7C-895F-4BCCEF3FFA2F}
	EndGlobalSection
EndGlobal
